
Microsoft Visual Studio Solution File, Format Version 12.00
# Visual Studio 15
VisualStudioVersion = 15.0.27004.2010
MinimumVisualStudioVersion = 10.0.40219.1
Project("{FAE04EC0-301F-11D3-BF4B-00C04F79EFBC}") = "FirstApp", "FirstApp\FirstApp.csproj", "{A9C79400-5DE3-4328-B715-E53542D05682}"
EndProject
Project("{FAE04EC0-301F-11D3-BF4B-00C04F79EFBC}") = "Sensor", "Sensor\Sensor.csproj", "{54C5B95C-B0FF-4063-97A0-CCF4CE2E11C5}"
EndProject
Project("{FAE04EC0-301F-11D3-BF4B-00C04F79EFBC}") = "Actuator", "Actuator\Actuator.csproj", "{9355B9F8-B921-442A-B923-FE7EA987792D}"
EndProject
Project("{FAE04EC0-301F-11D3-BF4B-00C04F79EFBC}") = "SensorMqtt", "SensorMqtt\SensorMqtt.csproj", "{6DD659F4-9472-41C2-A92E-86DCDFD29A6D}"
EndProject
Project("{FAE04EC0-301F-11D3-BF4B-00C04F79EFBC}") = "ActuatorMqtt", "ActuatorMqtt\ActuatorMqtt.csproj", "{FC59A7ED-6B02-40A2-B9DC-225D18A732E0}"
EndProject
Project("{FAE04EC0-301F-11D3-BF4B-00C04F79EFBC}") = "SensorHttp", "SensorHttp\SensorHttp.csproj", "{A7DA78D8-975C-4ADA-8DB8-3F4315FF0EF9}"
EndProject
Project("{FAE04EC0-301F-11D3-BF4B-00C04F79EFBC}") = "ActuatorHttp", "ActuatorHttp\ActuatorHttp.csproj", "{3173A852-E8FA-48EE-B23E-A0F9F164AF41}"
EndProject
Project("{FAE04EC0-301F-11D3-BF4B-00C04F79EFBC}") = "SensorCoap", "SensorCoap\SensorCoap.csproj", "{345E7351-DFF5-4930-BCA7-8101E8334196}"
EndProject
Project("{FAE04EC0-301F-11D3-BF4B-00C04F79EFBC}") = "ActuatorCoap", "ActuatorCoap\ActuatorCoap.csproj", "{D95F7DD2-30E7-4E0E-82D7-3741849AFF19}"
EndProject
Project("{FAE04EC0-301F-11D3-BF4B-00C04F79EFBC}") = "SensorLwm2m", "SensorLwm2m\SensorLwm2m.csproj", "{84CDCBAF-8260-4884-9D19-D63DDC95F368}"
EndProject
Project("{FAE04EC0-301F-11D3-BF4B-00C04F79EFBC}") = "ActuatorLwm2m", "ActuatorLwm2m\ActuatorLwm2m.csproj", "{58805A4B-110B-43E1-ADCA-86AFAFEC462C}"
EndProject
Project("{FAE04EC0-301F-11D3-BF4B-00C04F79EFBC}") = "SensorXmpp", "SensorXmpp\SensorXmpp.csproj", "{AA3F5211-C328-4800-925F-D15C55867F92}"
EndProject
Project("{FAE04EC0-301F-11D3-BF4B-00C04F79EFBC}") = "ActuatorXmpp", "ActuatorXmpp\ActuatorXmpp.csproj", "{F7A56D97-7136-4633-8B78-61A2BBE55997}"
EndProject
Project("{FAE04EC0-301F-11D3-BF4B-00C04F79EFBC}") = "ConcentratorXmpp", "ConcentratorXmpp\ConcentratorXmpp.csproj", "{755807F7-BED3-4700-9DBB-4D9627A9954C}"
EndProject
Project("{FAE04EC0-301F-11D3-BF4B-00C04F79EFBC}") = "ControllerXmpp", "ControllerXmpp\ControllerXmpp.csproj", "{25C628EC-33B6-41AB-BFF3-34A81FD29CCE}"
EndProject
Project("{FAE04EC0-301F-11D3-BF4B-00C04F79EFBC}") = "SensorXmpp2", "SensorXmpp2\SensorXmpp2.csproj", "{0293FC01-5DEE-4D3C-BD7E-46132930BD10}"
EndProject
Project("{FAE04EC0-301F-11D3-BF4B-00C04F79EFBC}") = "ActuatorXmpp2", "ActuatorXmpp2\ActuatorXmpp2.csproj", "{80EF32D4-B8AF-4DA7-80BD-1F9E0AA91383}"
EndProject
Global
	GlobalSection(SolutionConfigurationPlatforms) = preSolution
		Debug|Any CPU = Debug|Any CPU
		Debug|ARM = Debug|ARM
		Debug|x64 = Debug|x64
		Debug|x86 = Debug|x86
		Release|Any CPU = Release|Any CPU
		Release|ARM = Release|ARM
		Release|x64 = Release|x64
		Release|x86 = Release|x86
	EndGlobalSection
	GlobalSection(ProjectConfigurationPlatforms) = postSolution
		{A9C79400-5DE3-4328-B715-E53542D05682}.Debug|Any CPU.ActiveCfg = Debug|x86
		{A9C79400-5DE3-4328-B715-E53542D05682}.Debug|Any CPU.Build.0 = Debug|x86
		{A9C79400-5DE3-4328-B715-E53542D05682}.Debug|Any CPU.Deploy.0 = Debug|x86
		{A9C79400-5DE3-4328-B715-E53542D05682}.Debug|ARM.ActiveCfg = Debug|ARM
		{A9C79400-5DE3-4328-B715-E53542D05682}.Debug|ARM.Build.0 = Debug|ARM
		{A9C79400-5DE3-4328-B715-E53542D05682}.Debug|ARM.Deploy.0 = Debug|ARM
		{A9C79400-5DE3-4328-B715-E53542D05682}.Debug|x64.ActiveCfg = Debug|x64
		{A9C79400-5DE3-4328-B715-E53542D05682}.Debug|x64.Build.0 = Debug|x64
		{A9C79400-5DE3-4328-B715-E53542D05682}.Debug|x64.Deploy.0 = Debug|x64
		{A9C79400-5DE3-4328-B715-E53542D05682}.Debug|x86.ActiveCfg = Debug|x86
		{A9C79400-5DE3-4328-B715-E53542D05682}.Debug|x86.Build.0 = Debug|x86
		{A9C79400-5DE3-4328-B715-E53542D05682}.Debug|x86.Deploy.0 = Debug|x86
		{A9C79400-5DE3-4328-B715-E53542D05682}.Release|Any CPU.ActiveCfg = Release|x86
		{A9C79400-5DE3-4328-B715-E53542D05682}.Release|ARM.ActiveCfg = Release|ARM
		{A9C79400-5DE3-4328-B715-E53542D05682}.Release|ARM.Build.0 = Release|ARM
		{A9C79400-5DE3-4328-B715-E53542D05682}.Release|ARM.Deploy.0 = Release|ARM
		{A9C79400-5DE3-4328-B715-E53542D05682}.Release|x64.ActiveCfg = Release|x64
		{A9C79400-5DE3-4328-B715-E53542D05682}.Release|x64.Build.0 = Release|x64
		{A9C79400-5DE3-4328-B715-E53542D05682}.Release|x64.Deploy.0 = Release|x64
		{A9C79400-5DE3-4328-B715-E53542D05682}.Release|x86.ActiveCfg = Release|x86
		{A9C79400-5DE3-4328-B715-E53542D05682}.Release|x86.Build.0 = Release|x86
		{A9C79400-5DE3-4328-B715-E53542D05682}.Release|x86.Deploy.0 = Release|x86
		{54C5B95C-B0FF-4063-97A0-CCF4CE2E11C5}.Debug|Any CPU.ActiveCfg = Debug|x86
		{54C5B95C-B0FF-4063-97A0-CCF4CE2E11C5}.Debug|Any CPU.Build.0 = Debug|x86
		{54C5B95C-B0FF-4063-97A0-CCF4CE2E11C5}.Debug|Any CPU.Deploy.0 = Debug|x86
		{54C5B95C-B0FF-4063-97A0-CCF4CE2E11C5}.Debug|ARM.ActiveCfg = Debug|ARM
		{54C5B95C-B0FF-4063-97A0-CCF4CE2E11C5}.Debug|ARM.Build.0 = Debug|ARM
		{54C5B95C-B0FF-4063-97A0-CCF4CE2E11C5}.Debug|ARM.Deploy.0 = Debug|ARM
		{54C5B95C-B0FF-4063-97A0-CCF4CE2E11C5}.Debug|x64.ActiveCfg = Debug|x64
		{54C5B95C-B0FF-4063-97A0-CCF4CE2E11C5}.Debug|x64.Build.0 = Debug|x64
		{54C5B95C-B0FF-4063-97A0-CCF4CE2E11C5}.Debug|x64.Deploy.0 = Debug|x64
		{54C5B95C-B0FF-4063-97A0-CCF4CE2E11C5}.Debug|x86.ActiveCfg = Debug|x86
		{54C5B95C-B0FF-4063-97A0-CCF4CE2E11C5}.Debug|x86.Build.0 = Debug|x86
		{54C5B95C-B0FF-4063-97A0-CCF4CE2E11C5}.Debug|x86.Deploy.0 = Debug|x86
		{54C5B95C-B0FF-4063-97A0-CCF4CE2E11C5}.Release|Any CPU.ActiveCfg = Release|x86
		{54C5B95C-B0FF-4063-97A0-CCF4CE2E11C5}.Release|ARM.ActiveCfg = Release|ARM
		{54C5B95C-B0FF-4063-97A0-CCF4CE2E11C5}.Release|ARM.Build.0 = Release|ARM
		{54C5B95C-B0FF-4063-97A0-CCF4CE2E11C5}.Release|ARM.Deploy.0 = Release|ARM
		{54C5B95C-B0FF-4063-97A0-CCF4CE2E11C5}.Release|x64.ActiveCfg = Release|x64
		{54C5B95C-B0FF-4063-97A0-CCF4CE2E11C5}.Release|x64.Build.0 = Release|x64
		{54C5B95C-B0FF-4063-97A0-CCF4CE2E11C5}.Release|x64.Deploy.0 = Release|x64
		{54C5B95C-B0FF-4063-97A0-CCF4CE2E11C5}.Release|x86.ActiveCfg = Release|x86
		{54C5B95C-B0FF-4063-97A0-CCF4CE2E11C5}.Release|x86.Build.0 = Release|x86
		{54C5B95C-B0FF-4063-97A0-CCF4CE2E11C5}.Release|x86.Deploy.0 = Release|x86
		{9355B9F8-B921-442A-B923-FE7EA987792D}.Debug|Any CPU.ActiveCfg = Debug|x86
		{9355B9F8-B921-442A-B923-FE7EA987792D}.Debug|Any CPU.Build.0 = Debug|x86
		{9355B9F8-B921-442A-B923-FE7EA987792D}.Debug|Any CPU.Deploy.0 = Debug|x86
		{9355B9F8-B921-442A-B923-FE7EA987792D}.Debug|ARM.ActiveCfg = Debug|ARM
		{9355B9F8-B921-442A-B923-FE7EA987792D}.Debug|ARM.Build.0 = Debug|ARM
		{9355B9F8-B921-442A-B923-FE7EA987792D}.Debug|ARM.Deploy.0 = Debug|ARM
		{9355B9F8-B921-442A-B923-FE7EA987792D}.Debug|x64.ActiveCfg = Debug|x64
		{9355B9F8-B921-442A-B923-FE7EA987792D}.Debug|x64.Build.0 = Debug|x64
		{9355B9F8-B921-442A-B923-FE7EA987792D}.Debug|x64.Deploy.0 = Debug|x64
		{9355B9F8-B921-442A-B923-FE7EA987792D}.Debug|x86.ActiveCfg = Debug|x86
		{9355B9F8-B921-442A-B923-FE7EA987792D}.Debug|x86.Build.0 = Debug|x86
		{9355B9F8-B921-442A-B923-FE7EA987792D}.Debug|x86.Deploy.0 = Debug|x86
		{9355B9F8-B921-442A-B923-FE7EA987792D}.Release|Any CPU.ActiveCfg = Release|x86
		{9355B9F8-B921-442A-B923-FE7EA987792D}.Release|ARM.ActiveCfg = Release|ARM
		{9355B9F8-B921-442A-B923-FE7EA987792D}.Release|ARM.Build.0 = Release|ARM
		{9355B9F8-B921-442A-B923-FE7EA987792D}.Release|ARM.Deploy.0 = Release|ARM
		{9355B9F8-B921-442A-B923-FE7EA987792D}.Release|x64.ActiveCfg = Release|x64
		{9355B9F8-B921-442A-B923-FE7EA987792D}.Release|x64.Build.0 = Release|x64
		{9355B9F8-B921-442A-B923-FE7EA987792D}.Release|x64.Deploy.0 = Release|x64
		{9355B9F8-B921-442A-B923-FE7EA987792D}.Release|x86.ActiveCfg = Release|x86
		{9355B9F8-B921-442A-B923-FE7EA987792D}.Release|x86.Build.0 = Release|x86
		{9355B9F8-B921-442A-B923-FE7EA987792D}.Release|x86.Deploy.0 = Release|x86
		{6DD659F4-9472-41C2-A92E-86DCDFD29A6D}.Debug|Any CPU.ActiveCfg = Debug|x86
		{6DD659F4-9472-41C2-A92E-86DCDFD29A6D}.Debug|Any CPU.Build.0 = Debug|x86
		{6DD659F4-9472-41C2-A92E-86DCDFD29A6D}.Debug|Any CPU.Deploy.0 = Debug|x86
		{6DD659F4-9472-41C2-A92E-86DCDFD29A6D}.Debug|ARM.ActiveCfg = Debug|ARM
		{6DD659F4-9472-41C2-A92E-86DCDFD29A6D}.Debug|ARM.Build.0 = Debug|ARM
		{6DD659F4-9472-41C2-A92E-86DCDFD29A6D}.Debug|ARM.Deploy.0 = Debug|ARM
		{6DD659F4-9472-41C2-A92E-86DCDFD29A6D}.Debug|x64.ActiveCfg = Debug|x64
		{6DD659F4-9472-41C2-A92E-86DCDFD29A6D}.Debug|x64.Build.0 = Debug|x64
		{6DD659F4-9472-41C2-A92E-86DCDFD29A6D}.Debug|x64.Deploy.0 = Debug|x64
		{6DD659F4-9472-41C2-A92E-86DCDFD29A6D}.Debug|x86.ActiveCfg = Debug|x86
		{6DD659F4-9472-41C2-A92E-86DCDFD29A6D}.Debug|x86.Build.0 = Debug|x86
		{6DD659F4-9472-41C2-A92E-86DCDFD29A6D}.Debug|x86.Deploy.0 = Debug|x86
		{6DD659F4-9472-41C2-A92E-86DCDFD29A6D}.Release|Any CPU.ActiveCfg = Release|x86
		{6DD659F4-9472-41C2-A92E-86DCDFD29A6D}.Release|ARM.ActiveCfg = Release|ARM
		{6DD659F4-9472-41C2-A92E-86DCDFD29A6D}.Release|ARM.Build.0 = Release|ARM
		{6DD659F4-9472-41C2-A92E-86DCDFD29A6D}.Release|ARM.Deploy.0 = Release|ARM
		{6DD659F4-9472-41C2-A92E-86DCDFD29A6D}.Release|x64.ActiveCfg = Release|x64
		{6DD659F4-9472-41C2-A92E-86DCDFD29A6D}.Release|x64.Build.0 = Release|x64
		{6DD659F4-9472-41C2-A92E-86DCDFD29A6D}.Release|x64.Deploy.0 = Release|x64
		{6DD659F4-9472-41C2-A92E-86DCDFD29A6D}.Release|x86.ActiveCfg = Release|x86
		{6DD659F4-9472-41C2-A92E-86DCDFD29A6D}.Release|x86.Build.0 = Release|x86
		{6DD659F4-9472-41C2-A92E-86DCDFD29A6D}.Release|x86.Deploy.0 = Release|x86
		{FC59A7ED-6B02-40A2-B9DC-225D18A732E0}.Debug|Any CPU.ActiveCfg = Debug|x86
		{FC59A7ED-6B02-40A2-B9DC-225D18A732E0}.Debug|Any CPU.Build.0 = Debug|x86
		{FC59A7ED-6B02-40A2-B9DC-225D18A732E0}.Debug|Any CPU.Deploy.0 = Debug|x86
		{FC59A7ED-6B02-40A2-B9DC-225D18A732E0}.Debug|ARM.ActiveCfg = Debug|ARM
		{FC59A7ED-6B02-40A2-B9DC-225D18A732E0}.Debug|ARM.Build.0 = Debug|ARM
		{FC59A7ED-6B02-40A2-B9DC-225D18A732E0}.Debug|ARM.Deploy.0 = Debug|ARM
		{FC59A7ED-6B02-40A2-B9DC-225D18A732E0}.Debug|x64.ActiveCfg = Debug|x64
		{FC59A7ED-6B02-40A2-B9DC-225D18A732E0}.Debug|x64.Build.0 = Debug|x64
		{FC59A7ED-6B02-40A2-B9DC-225D18A732E0}.Debug|x64.Deploy.0 = Debug|x64
		{FC59A7ED-6B02-40A2-B9DC-225D18A732E0}.Debug|x86.ActiveCfg = Debug|x86
		{FC59A7ED-6B02-40A2-B9DC-225D18A732E0}.Debug|x86.Build.0 = Debug|x86
		{FC59A7ED-6B02-40A2-B9DC-225D18A732E0}.Debug|x86.Deploy.0 = Debug|x86
		{FC59A7ED-6B02-40A2-B9DC-225D18A732E0}.Release|Any CPU.ActiveCfg = Release|x86
		{FC59A7ED-6B02-40A2-B9DC-225D18A732E0}.Release|ARM.ActiveCfg = Release|ARM
		{FC59A7ED-6B02-40A2-B9DC-225D18A732E0}.Release|ARM.Build.0 = Release|ARM
		{FC59A7ED-6B02-40A2-B9DC-225D18A732E0}.Release|ARM.Deploy.0 = Release|ARM
		{FC59A7ED-6B02-40A2-B9DC-225D18A732E0}.Release|x64.ActiveCfg = Release|x64
		{FC59A7ED-6B02-40A2-B9DC-225D18A732E0}.Release|x64.Build.0 = Release|x64
		{FC59A7ED-6B02-40A2-B9DC-225D18A732E0}.Release|x64.Deploy.0 = Release|x64
		{FC59A7ED-6B02-40A2-B9DC-225D18A732E0}.Release|x86.ActiveCfg = Release|x86
		{FC59A7ED-6B02-40A2-B9DC-225D18A732E0}.Release|x86.Build.0 = Release|x86
		{FC59A7ED-6B02-40A2-B9DC-225D18A732E0}.Release|x86.Deploy.0 = Release|x86
		{A7DA78D8-975C-4ADA-8DB8-3F4315FF0EF9}.Debug|Any CPU.ActiveCfg = Debug|x86
		{A7DA78D8-975C-4ADA-8DB8-3F4315FF0EF9}.Debug|Any CPU.Build.0 = Debug|x86
		{A7DA78D8-975C-4ADA-8DB8-3F4315FF0EF9}.Debug|Any CPU.Deploy.0 = Debug|x86
		{A7DA78D8-975C-4ADA-8DB8-3F4315FF0EF9}.Debug|ARM.ActiveCfg = Debug|ARM
		{A7DA78D8-975C-4ADA-8DB8-3F4315FF0EF9}.Debug|ARM.Build.0 = Debug|ARM
		{A7DA78D8-975C-4ADA-8DB8-3F4315FF0EF9}.Debug|ARM.Deploy.0 = Debug|ARM
		{A7DA78D8-975C-4ADA-8DB8-3F4315FF0EF9}.Debug|x64.ActiveCfg = Debug|x64
		{A7DA78D8-975C-4ADA-8DB8-3F4315FF0EF9}.Debug|x64.Build.0 = Debug|x64
		{A7DA78D8-975C-4ADA-8DB8-3F4315FF0EF9}.Debug|x64.Deploy.0 = Debug|x64
		{A7DA78D8-975C-4ADA-8DB8-3F4315FF0EF9}.Debug|x86.ActiveCfg = Debug|x86
		{A7DA78D8-975C-4ADA-8DB8-3F4315FF0EF9}.Debug|x86.Build.0 = Debug|x86
		{A7DA78D8-975C-4ADA-8DB8-3F4315FF0EF9}.Debug|x86.Deploy.0 = Debug|x86
		{A7DA78D8-975C-4ADA-8DB8-3F4315FF0EF9}.Release|Any CPU.ActiveCfg = Release|x86
		{A7DA78D8-975C-4ADA-8DB8-3F4315FF0EF9}.Release|ARM.ActiveCfg = Release|ARM
		{A7DA78D8-975C-4ADA-8DB8-3F4315FF0EF9}.Release|ARM.Build.0 = Release|ARM
		{A7DA78D8-975C-4ADA-8DB8-3F4315FF0EF9}.Release|ARM.Deploy.0 = Release|ARM
		{A7DA78D8-975C-4ADA-8DB8-3F4315FF0EF9}.Release|x64.ActiveCfg = Release|x64
		{A7DA78D8-975C-4ADA-8DB8-3F4315FF0EF9}.Release|x64.Build.0 = Release|x64
		{A7DA78D8-975C-4ADA-8DB8-3F4315FF0EF9}.Release|x64.Deploy.0 = Release|x64
		{A7DA78D8-975C-4ADA-8DB8-3F4315FF0EF9}.Release|x86.ActiveCfg = Release|x86
		{A7DA78D8-975C-4ADA-8DB8-3F4315FF0EF9}.Release|x86.Build.0 = Release|x86
		{A7DA78D8-975C-4ADA-8DB8-3F4315FF0EF9}.Release|x86.Deploy.0 = Release|x86
		{3173A852-E8FA-48EE-B23E-A0F9F164AF41}.Debug|Any CPU.ActiveCfg = Debug|x86
		{3173A852-E8FA-48EE-B23E-A0F9F164AF41}.Debug|Any CPU.Build.0 = Debug|x86
		{3173A852-E8FA-48EE-B23E-A0F9F164AF41}.Debug|Any CPU.Deploy.0 = Debug|x86
		{3173A852-E8FA-48EE-B23E-A0F9F164AF41}.Debug|ARM.ActiveCfg = Debug|ARM
		{3173A852-E8FA-48EE-B23E-A0F9F164AF41}.Debug|ARM.Build.0 = Debug|ARM
		{3173A852-E8FA-48EE-B23E-A0F9F164AF41}.Debug|ARM.Deploy.0 = Debug|ARM
		{3173A852-E8FA-48EE-B23E-A0F9F164AF41}.Debug|x64.ActiveCfg = Debug|x64
		{3173A852-E8FA-48EE-B23E-A0F9F164AF41}.Debug|x64.Build.0 = Debug|x64
		{3173A852-E8FA-48EE-B23E-A0F9F164AF41}.Debug|x64.Deploy.0 = Debug|x64
		{3173A852-E8FA-48EE-B23E-A0F9F164AF41}.Debug|x86.ActiveCfg = Debug|x86
		{3173A852-E8FA-48EE-B23E-A0F9F164AF41}.Debug|x86.Build.0 = Debug|x86
		{3173A852-E8FA-48EE-B23E-A0F9F164AF41}.Debug|x86.Deploy.0 = Debug|x86
		{3173A852-E8FA-48EE-B23E-A0F9F164AF41}.Release|Any CPU.ActiveCfg = Release|x86
		{3173A852-E8FA-48EE-B23E-A0F9F164AF41}.Release|ARM.ActiveCfg = Release|ARM
		{3173A852-E8FA-48EE-B23E-A0F9F164AF41}.Release|ARM.Build.0 = Release|ARM
		{3173A852-E8FA-48EE-B23E-A0F9F164AF41}.Release|ARM.Deploy.0 = Release|ARM
		{3173A852-E8FA-48EE-B23E-A0F9F164AF41}.Release|x64.ActiveCfg = Release|x64
		{3173A852-E8FA-48EE-B23E-A0F9F164AF41}.Release|x64.Build.0 = Release|x64
		{3173A852-E8FA-48EE-B23E-A0F9F164AF41}.Release|x64.Deploy.0 = Release|x64
		{3173A852-E8FA-48EE-B23E-A0F9F164AF41}.Release|x86.ActiveCfg = Release|x86
		{3173A852-E8FA-48EE-B23E-A0F9F164AF41}.Release|x86.Build.0 = Release|x86
		{3173A852-E8FA-48EE-B23E-A0F9F164AF41}.Release|x86.Deploy.0 = Release|x86
		{345E7351-DFF5-4930-BCA7-8101E8334196}.Debug|Any CPU.ActiveCfg = Debug|x86
		{345E7351-DFF5-4930-BCA7-8101E8334196}.Debug|Any CPU.Build.0 = Debug|x86
		{345E7351-DFF5-4930-BCA7-8101E8334196}.Debug|Any CPU.Deploy.0 = Debug|x86
		{345E7351-DFF5-4930-BCA7-8101E8334196}.Debug|ARM.ActiveCfg = Debug|ARM
		{345E7351-DFF5-4930-BCA7-8101E8334196}.Debug|ARM.Build.0 = Debug|ARM
		{345E7351-DFF5-4930-BCA7-8101E8334196}.Debug|ARM.Deploy.0 = Debug|ARM
		{345E7351-DFF5-4930-BCA7-8101E8334196}.Debug|x64.ActiveCfg = Debug|x64
		{345E7351-DFF5-4930-BCA7-8101E8334196}.Debug|x64.Build.0 = Debug|x64
		{345E7351-DFF5-4930-BCA7-8101E8334196}.Debug|x64.Deploy.0 = Debug|x64
		{345E7351-DFF5-4930-BCA7-8101E8334196}.Debug|x86.ActiveCfg = Debug|x86
		{345E7351-DFF5-4930-BCA7-8101E8334196}.Debug|x86.Build.0 = Debug|x86
		{345E7351-DFF5-4930-BCA7-8101E8334196}.Debug|x86.Deploy.0 = Debug|x86
		{345E7351-DFF5-4930-BCA7-8101E8334196}.Release|Any CPU.ActiveCfg = Release|x86
		{345E7351-DFF5-4930-BCA7-8101E8334196}.Release|ARM.ActiveCfg = Release|ARM
		{345E7351-DFF5-4930-BCA7-8101E8334196}.Release|ARM.Build.0 = Release|ARM
		{345E7351-DFF5-4930-BCA7-8101E8334196}.Release|ARM.Deploy.0 = Release|ARM
		{345E7351-DFF5-4930-BCA7-8101E8334196}.Release|x64.ActiveCfg = Release|x64
		{345E7351-DFF5-4930-BCA7-8101E8334196}.Release|x64.Build.0 = Release|x64
		{345E7351-DFF5-4930-BCA7-8101E8334196}.Release|x64.Deploy.0 = Release|x64
		{345E7351-DFF5-4930-BCA7-8101E8334196}.Release|x86.ActiveCfg = Release|x86
		{345E7351-DFF5-4930-BCA7-8101E8334196}.Release|x86.Build.0 = Release|x86
		{345E7351-DFF5-4930-BCA7-8101E8334196}.Release|x86.Deploy.0 = Release|x86
		{D95F7DD2-30E7-4E0E-82D7-3741849AFF19}.Debug|Any CPU.ActiveCfg = Debug|x86
		{D95F7DD2-30E7-4E0E-82D7-3741849AFF19}.Debug|Any CPU.Build.0 = Debug|x86
		{D95F7DD2-30E7-4E0E-82D7-3741849AFF19}.Debug|Any CPU.Deploy.0 = Debug|x86
		{D95F7DD2-30E7-4E0E-82D7-3741849AFF19}.Debug|ARM.ActiveCfg = Debug|ARM
		{D95F7DD2-30E7-4E0E-82D7-3741849AFF19}.Debug|ARM.Build.0 = Debug|ARM
		{D95F7DD2-30E7-4E0E-82D7-3741849AFF19}.Debug|ARM.Deploy.0 = Debug|ARM
		{D95F7DD2-30E7-4E0E-82D7-3741849AFF19}.Debug|x64.ActiveCfg = Debug|x64
		{D95F7DD2-30E7-4E0E-82D7-3741849AFF19}.Debug|x64.Build.0 = Debug|x64
		{D95F7DD2-30E7-4E0E-82D7-3741849AFF19}.Debug|x64.Deploy.0 = Debug|x64
		{D95F7DD2-30E7-4E0E-82D7-3741849AFF19}.Debug|x86.ActiveCfg = Debug|x86
		{D95F7DD2-30E7-4E0E-82D7-3741849AFF19}.Debug|x86.Build.0 = Debug|x86
		{D95F7DD2-30E7-4E0E-82D7-3741849AFF19}.Debug|x86.Deploy.0 = Debug|x86
		{D95F7DD2-30E7-4E0E-82D7-3741849AFF19}.Release|Any CPU.ActiveCfg = Release|x86
		{D95F7DD2-30E7-4E0E-82D7-3741849AFF19}.Release|ARM.ActiveCfg = Release|ARM
		{D95F7DD2-30E7-4E0E-82D7-3741849AFF19}.Release|ARM.Build.0 = Release|ARM
		{D95F7DD2-30E7-4E0E-82D7-3741849AFF19}.Release|ARM.Deploy.0 = Release|ARM
		{D95F7DD2-30E7-4E0E-82D7-3741849AFF19}.Release|x64.ActiveCfg = Release|x64
		{D95F7DD2-30E7-4E0E-82D7-3741849AFF19}.Release|x64.Build.0 = Release|x64
		{D95F7DD2-30E7-4E0E-82D7-3741849AFF19}.Release|x64.Deploy.0 = Release|x64
		{D95F7DD2-30E7-4E0E-82D7-3741849AFF19}.Release|x86.ActiveCfg = Release|x86
		{D95F7DD2-30E7-4E0E-82D7-3741849AFF19}.Release|x86.Build.0 = Release|x86
		{D95F7DD2-30E7-4E0E-82D7-3741849AFF19}.Release|x86.Deploy.0 = Release|x86
		{84CDCBAF-8260-4884-9D19-D63DDC95F368}.Debug|Any CPU.ActiveCfg = Debug|x86
		{84CDCBAF-8260-4884-9D19-D63DDC95F368}.Debug|Any CPU.Build.0 = Debug|x86
		{84CDCBAF-8260-4884-9D19-D63DDC95F368}.Debug|Any CPU.Deploy.0 = Debug|x86
		{84CDCBAF-8260-4884-9D19-D63DDC95F368}.Debug|ARM.ActiveCfg = Debug|ARM
		{84CDCBAF-8260-4884-9D19-D63DDC95F368}.Debug|ARM.Build.0 = Debug|ARM
		{84CDCBAF-8260-4884-9D19-D63DDC95F368}.Debug|ARM.Deploy.0 = Debug|ARM
		{84CDCBAF-8260-4884-9D19-D63DDC95F368}.Debug|x64.ActiveCfg = Debug|x64
		{84CDCBAF-8260-4884-9D19-D63DDC95F368}.Debug|x64.Build.0 = Debug|x64
		{84CDCBAF-8260-4884-9D19-D63DDC95F368}.Debug|x64.Deploy.0 = Debug|x64
		{84CDCBAF-8260-4884-9D19-D63DDC95F368}.Debug|x86.ActiveCfg = Debug|x86
		{84CDCBAF-8260-4884-9D19-D63DDC95F368}.Debug|x86.Build.0 = Debug|x86
		{84CDCBAF-8260-4884-9D19-D63DDC95F368}.Debug|x86.Deploy.0 = Debug|x86
		{84CDCBAF-8260-4884-9D19-D63DDC95F368}.Release|Any CPU.ActiveCfg = Release|x86
		{84CDCBAF-8260-4884-9D19-D63DDC95F368}.Release|ARM.ActiveCfg = Release|ARM
		{84CDCBAF-8260-4884-9D19-D63DDC95F368}.Release|ARM.Build.0 = Release|ARM
		{84CDCBAF-8260-4884-9D19-D63DDC95F368}.Release|ARM.Deploy.0 = Release|ARM
		{84CDCBAF-8260-4884-9D19-D63DDC95F368}.Release|x64.ActiveCfg = Release|x64
		{84CDCBAF-8260-4884-9D19-D63DDC95F368}.Release|x64.Build.0 = Release|x64
		{84CDCBAF-8260-4884-9D19-D63DDC95F368}.Release|x64.Deploy.0 = Release|x64
		{84CDCBAF-8260-4884-9D19-D63DDC95F368}.Release|x86.ActiveCfg = Release|x86
		{84CDCBAF-8260-4884-9D19-D63DDC95F368}.Release|x86.Build.0 = Release|x86
		{84CDCBAF-8260-4884-9D19-D63DDC95F368}.Release|x86.Deploy.0 = Release|x86
		{58805A4B-110B-43E1-ADCA-86AFAFEC462C}.Debug|Any CPU.ActiveCfg = Debug|x86
		{58805A4B-110B-43E1-ADCA-86AFAFEC462C}.Debug|Any CPU.Build.0 = Debug|x86
		{58805A4B-110B-43E1-ADCA-86AFAFEC462C}.Debug|Any CPU.Deploy.0 = Debug|x86
		{58805A4B-110B-43E1-ADCA-86AFAFEC462C}.Debug|ARM.ActiveCfg = Debug|ARM
		{58805A4B-110B-43E1-ADCA-86AFAFEC462C}.Debug|ARM.Build.0 = Debug|ARM
		{58805A4B-110B-43E1-ADCA-86AFAFEC462C}.Debug|ARM.Deploy.0 = Debug|ARM
		{58805A4B-110B-43E1-ADCA-86AFAFEC462C}.Debug|x64.ActiveCfg = Debug|x64
		{58805A4B-110B-43E1-ADCA-86AFAFEC462C}.Debug|x64.Build.0 = Debug|x64
		{58805A4B-110B-43E1-ADCA-86AFAFEC462C}.Debug|x64.Deploy.0 = Debug|x64
		{58805A4B-110B-43E1-ADCA-86AFAFEC462C}.Debug|x86.ActiveCfg = Debug|x86
		{58805A4B-110B-43E1-ADCA-86AFAFEC462C}.Debug|x86.Build.0 = Debug|x86
		{58805A4B-110B-43E1-ADCA-86AFAFEC462C}.Debug|x86.Deploy.0 = Debug|x86
		{58805A4B-110B-43E1-ADCA-86AFAFEC462C}.Release|Any CPU.ActiveCfg = Release|x86
		{58805A4B-110B-43E1-ADCA-86AFAFEC462C}.Release|ARM.ActiveCfg = Release|ARM
		{58805A4B-110B-43E1-ADCA-86AFAFEC462C}.Release|ARM.Build.0 = Release|ARM
		{58805A4B-110B-43E1-ADCA-86AFAFEC462C}.Release|ARM.Deploy.0 = Release|ARM
		{58805A4B-110B-43E1-ADCA-86AFAFEC462C}.Release|x64.ActiveCfg = Release|x64
		{58805A4B-110B-43E1-ADCA-86AFAFEC462C}.Release|x64.Build.0 = Release|x64
		{58805A4B-110B-43E1-ADCA-86AFAFEC462C}.Release|x64.Deploy.0 = Release|x64
		{58805A4B-110B-43E1-ADCA-86AFAFEC462C}.Release|x86.ActiveCfg = Release|x86
		{58805A4B-110B-43E1-ADCA-86AFAFEC462C}.Release|x86.Build.0 = Release|x86
		{58805A4B-110B-43E1-ADCA-86AFAFEC462C}.Release|x86.Deploy.0 = Release|x86
		{AA3F5211-C328-4800-925F-D15C55867F92}.Debug|Any CPU.ActiveCfg = Debug|x86
		{AA3F5211-C328-4800-925F-D15C55867F92}.Debug|Any CPU.Build.0 = Debug|x86
		{AA3F5211-C328-4800-925F-D15C55867F92}.Debug|Any CPU.Deploy.0 = Debug|x86
		{AA3F5211-C328-4800-925F-D15C55867F92}.Debug|ARM.ActiveCfg = Debug|ARM
		{AA3F5211-C328-4800-925F-D15C55867F92}.Debug|ARM.Build.0 = Debug|ARM
		{AA3F5211-C328-4800-925F-D15C55867F92}.Debug|ARM.Deploy.0 = Debug|ARM
		{AA3F5211-C328-4800-925F-D15C55867F92}.Debug|x64.ActiveCfg = Debug|x64
		{AA3F5211-C328-4800-925F-D15C55867F92}.Debug|x64.Build.0 = Debug|x64
		{AA3F5211-C328-4800-925F-D15C55867F92}.Debug|x64.Deploy.0 = Debug|x64
		{AA3F5211-C328-4800-925F-D15C55867F92}.Debug|x86.ActiveCfg = Debug|x86
		{AA3F5211-C328-4800-925F-D15C55867F92}.Debug|x86.Build.0 = Debug|x86
		{AA3F5211-C328-4800-925F-D15C55867F92}.Debug|x86.Deploy.0 = Debug|x86
		{AA3F5211-C328-4800-925F-D15C55867F92}.Release|Any CPU.ActiveCfg = Release|x86
		{AA3F5211-C328-4800-925F-D15C55867F92}.Release|ARM.ActiveCfg = Release|ARM
		{AA3F5211-C328-4800-925F-D15C55867F92}.Release|ARM.Build.0 = Release|ARM
		{AA3F5211-C328-4800-925F-D15C55867F92}.Release|ARM.Deploy.0 = Release|ARM
		{AA3F5211-C328-4800-925F-D15C55867F92}.Release|x64.ActiveCfg = Release|x64
		{AA3F5211-C328-4800-925F-D15C55867F92}.Release|x64.Build.0 = Release|x64
		{AA3F5211-C328-4800-925F-D15C55867F92}.Release|x64.Deploy.0 = Release|x64
		{AA3F5211-C328-4800-925F-D15C55867F92}.Release|x86.ActiveCfg = Release|x86
		{AA3F5211-C328-4800-925F-D15C55867F92}.Release|x86.Build.0 = Release|x86
		{AA3F5211-C328-4800-925F-D15C55867F92}.Release|x86.Deploy.0 = Release|x86
		{F7A56D97-7136-4633-8B78-61A2BBE55997}.Debug|Any CPU.ActiveCfg = Debug|x86
		{F7A56D97-7136-4633-8B78-61A2BBE55997}.Debug|Any CPU.Build.0 = Debug|x86
		{F7A56D97-7136-4633-8B78-61A2BBE55997}.Debug|Any CPU.Deploy.0 = Debug|x86
		{F7A56D97-7136-4633-8B78-61A2BBE55997}.Debug|ARM.ActiveCfg = Debug|ARM
		{F7A56D97-7136-4633-8B78-61A2BBE55997}.Debug|ARM.Build.0 = Debug|ARM
		{F7A56D97-7136-4633-8B78-61A2BBE55997}.Debug|ARM.Deploy.0 = Debug|ARM
		{F7A56D97-7136-4633-8B78-61A2BBE55997}.Debug|x64.ActiveCfg = Debug|x64
		{F7A56D97-7136-4633-8B78-61A2BBE55997}.Debug|x64.Build.0 = Debug|x64
		{F7A56D97-7136-4633-8B78-61A2BBE55997}.Debug|x64.Deploy.0 = Debug|x64
		{F7A56D97-7136-4633-8B78-61A2BBE55997}.Debug|x86.ActiveCfg = Debug|x86
		{F7A56D97-7136-4633-8B78-61A2BBE55997}.Debug|x86.Build.0 = Debug|x86
		{F7A56D97-7136-4633-8B78-61A2BBE55997}.Debug|x86.Deploy.0 = Debug|x86
		{F7A56D97-7136-4633-8B78-61A2BBE55997}.Release|Any CPU.ActiveCfg = Release|x86
		{F7A56D97-7136-4633-8B78-61A2BBE55997}.Release|ARM.ActiveCfg = Release|ARM
		{F7A56D97-7136-4633-8B78-61A2BBE55997}.Release|ARM.Build.0 = Release|ARM
		{F7A56D97-7136-4633-8B78-61A2BBE55997}.Release|ARM.Deploy.0 = Release|ARM
		{F7A56D97-7136-4633-8B78-61A2BBE55997}.Release|x64.ActiveCfg = Release|x64
		{F7A56D97-7136-4633-8B78-61A2BBE55997}.Release|x64.Build.0 = Release|x64
		{F7A56D97-7136-4633-8B78-61A2BBE55997}.Release|x64.Deploy.0 = Release|x64
		{F7A56D97-7136-4633-8B78-61A2BBE55997}.Release|x86.ActiveCfg = Release|x86
		{F7A56D97-7136-4633-8B78-61A2BBE55997}.Release|x86.Build.0 = Release|x86
		{F7A56D97-7136-4633-8B78-61A2BBE55997}.Release|x86.Deploy.0 = Release|x86
		{755807F7-BED3-4700-9DBB-4D9627A9954C}.Debug|Any CPU.ActiveCfg = Debug|x86
		{755807F7-BED3-4700-9DBB-4D9627A9954C}.Debug|Any CPU.Build.0 = Debug|x86
		{755807F7-BED3-4700-9DBB-4D9627A9954C}.Debug|Any CPU.Deploy.0 = Debug|x86
		{755807F7-BED3-4700-9DBB-4D9627A9954C}.Debug|ARM.ActiveCfg = Debug|ARM
		{755807F7-BED3-4700-9DBB-4D9627A9954C}.Debug|ARM.Build.0 = Debug|ARM
		{755807F7-BED3-4700-9DBB-4D9627A9954C}.Debug|ARM.Deploy.0 = Debug|ARM
		{755807F7-BED3-4700-9DBB-4D9627A9954C}.Debug|x64.ActiveCfg = Debug|x64
		{755807F7-BED3-4700-9DBB-4D9627A9954C}.Debug|x64.Build.0 = Debug|x64
		{755807F7-BED3-4700-9DBB-4D9627A9954C}.Debug|x64.Deploy.0 = Debug|x64
		{755807F7-BED3-4700-9DBB-4D9627A9954C}.Debug|x86.ActiveCfg = Debug|x86
		{755807F7-BED3-4700-9DBB-4D9627A9954C}.Debug|x86.Build.0 = Debug|x86
		{755807F7-BED3-4700-9DBB-4D9627A9954C}.Debug|x86.Deploy.0 = Debug|x86
		{755807F7-BED3-4700-9DBB-4D9627A9954C}.Release|Any CPU.ActiveCfg = Release|x86
		{755807F7-BED3-4700-9DBB-4D9627A9954C}.Release|ARM.ActiveCfg = Release|ARM
		{755807F7-BED3-4700-9DBB-4D9627A9954C}.Release|ARM.Build.0 = Release|ARM
		{755807F7-BED3-4700-9DBB-4D9627A9954C}.Release|ARM.Deploy.0 = Release|ARM
		{755807F7-BED3-4700-9DBB-4D9627A9954C}.Release|x64.ActiveCfg = Release|x64
		{755807F7-BED3-4700-9DBB-4D9627A9954C}.Release|x64.Build.0 = Release|x64
		{755807F7-BED3-4700-9DBB-4D9627A9954C}.Release|x64.Deploy.0 = Release|x64
		{755807F7-BED3-4700-9DBB-4D9627A9954C}.Release|x86.ActiveCfg = Release|x86
		{755807F7-BED3-4700-9DBB-4D9627A9954C}.Release|x86.Build.0 = Release|x86
		{755807F7-BED3-4700-9DBB-4D9627A9954C}.Release|x86.Deploy.0 = Release|x86
		{25C628EC-33B6-41AB-BFF3-34A81FD29CCE}.Debug|Any CPU.ActiveCfg = Debug|x86
		{25C628EC-33B6-41AB-BFF3-34A81FD29CCE}.Debug|Any CPU.Build.0 = Debug|x86
		{25C628EC-33B6-41AB-BFF3-34A81FD29CCE}.Debug|Any CPU.Deploy.0 = Debug|x86
		{25C628EC-33B6-41AB-BFF3-34A81FD29CCE}.Debug|ARM.ActiveCfg = Debug|ARM
		{25C628EC-33B6-41AB-BFF3-34A81FD29CCE}.Debug|ARM.Build.0 = Debug|ARM
		{25C628EC-33B6-41AB-BFF3-34A81FD29CCE}.Debug|ARM.Deploy.0 = Debug|ARM
		{25C628EC-33B6-41AB-BFF3-34A81FD29CCE}.Debug|x64.ActiveCfg = Debug|x64
		{25C628EC-33B6-41AB-BFF3-34A81FD29CCE}.Debug|x64.Build.0 = Debug|x64
		{25C628EC-33B6-41AB-BFF3-34A81FD29CCE}.Debug|x64.Deploy.0 = Debug|x64
		{25C628EC-33B6-41AB-BFF3-34A81FD29CCE}.Debug|x86.ActiveCfg = Debug|x86
		{25C628EC-33B6-41AB-BFF3-34A81FD29CCE}.Debug|x86.Build.0 = Debug|x86
		{25C628EC-33B6-41AB-BFF3-34A81FD29CCE}.Debug|x86.Deploy.0 = Debug|x86
		{25C628EC-33B6-41AB-BFF3-34A81FD29CCE}.Release|Any CPU.ActiveCfg = Release|x86
		{25C628EC-33B6-41AB-BFF3-34A81FD29CCE}.Release|ARM.ActiveCfg = Release|ARM
		{25C628EC-33B6-41AB-BFF3-34A81FD29CCE}.Release|ARM.Build.0 = Release|ARM
		{25C628EC-33B6-41AB-BFF3-34A81FD29CCE}.Release|ARM.Deploy.0 = Release|ARM
		{25C628EC-33B6-41AB-BFF3-34A81FD29CCE}.Release|x64.ActiveCfg = Release|x64
		{25C628EC-33B6-41AB-BFF3-34A81FD29CCE}.Release|x64.Build.0 = Release|x64
		{25C628EC-33B6-41AB-BFF3-34A81FD29CCE}.Release|x64.Deploy.0 = Release|x64
		{25C628EC-33B6-41AB-BFF3-34A81FD29CCE}.Release|x86.ActiveCfg = Release|x86
		{25C628EC-33B6-41AB-BFF3-34A81FD29CCE}.Release|x86.Build.0 = Release|x86
		{25C628EC-33B6-41AB-BFF3-34A81FD29CCE}.Release|x86.Deploy.0 = Release|x86
		{0293FC01-5DEE-4D3C-BD7E-46132930BD10}.Debug|Any CPU.ActiveCfg = Debug|x86
		{0293FC01-5DEE-4D3C-BD7E-46132930BD10}.Debug|Any CPU.Build.0 = Debug|x86
		{0293FC01-5DEE-4D3C-BD7E-46132930BD10}.Debug|Any CPU.Deploy.0 = Debug|x86
		{0293FC01-5DEE-4D3C-BD7E-46132930BD10}.Debug|ARM.ActiveCfg = Debug|ARM
		{0293FC01-5DEE-4D3C-BD7E-46132930BD10}.Debug|ARM.Build.0 = Debug|ARM
		{0293FC01-5DEE-4D3C-BD7E-46132930BD10}.Debug|ARM.Deploy.0 = Debug|ARM
		{0293FC01-5DEE-4D3C-BD7E-46132930BD10}.Debug|x64.ActiveCfg = Debug|x64
		{0293FC01-5DEE-4D3C-BD7E-46132930BD10}.Debug|x64.Build.0 = Debug|x64
		{0293FC01-5DEE-4D3C-BD7E-46132930BD10}.Debug|x64.Deploy.0 = Debug|x64
		{0293FC01-5DEE-4D3C-BD7E-46132930BD10}.Debug|x86.ActiveCfg = Debug|x86
		{0293FC01-5DEE-4D3C-BD7E-46132930BD10}.Debug|x86.Build.0 = Debug|x86
		{0293FC01-5DEE-4D3C-BD7E-46132930BD10}.Debug|x86.Deploy.0 = Debug|x86
		{0293FC01-5DEE-4D3C-BD7E-46132930BD10}.Release|Any CPU.ActiveCfg = Release|x86
		{0293FC01-5DEE-4D3C-BD7E-46132930BD10}.Release|ARM.ActiveCfg = Release|ARM
		{0293FC01-5DEE-4D3C-BD7E-46132930BD10}.Release|ARM.Build.0 = Release|ARM
		{0293FC01-5DEE-4D3C-BD7E-46132930BD10}.Release|ARM.Deploy.0 = Release|ARM
		{0293FC01-5DEE-4D3C-BD7E-46132930BD10}.Release|x64.ActiveCfg = Release|x64
		{0293FC01-5DEE-4D3C-BD7E-46132930BD10}.Release|x64.Build.0 = Release|x64
		{0293FC01-5DEE-4D3C-BD7E-46132930BD10}.Release|x64.Deploy.0 = Release|x64
		{0293FC01-5DEE-4D3C-BD7E-46132930BD10}.Release|x86.ActiveCfg = Release|x86
		{0293FC01-5DEE-4D3C-BD7E-46132930BD10}.Release|x86.Build.0 = Release|x86
		{0293FC01-5DEE-4D3C-BD7E-46132930BD10}.Release|x86.Deploy.0 = Release|x86
		{80EF32D4-B8AF-4DA7-80BD-1F9E0AA91383}.Debug|Any CPU.ActiveCfg = Debug|x86
		{80EF32D4-B8AF-4DA7-80BD-1F9E0AA91383}.Debug|ARM.ActiveCfg = Debug|ARM
		{80EF32D4-B8AF-4DA7-80BD-1F9E0AA91383}.Debug|ARM.Build.0 = Debug|ARM
		{80EF32D4-B8AF-4DA7-80BD-1F9E0AA91383}.Debug|ARM.Deploy.0 = Debug|ARM
		{80EF32D4-B8AF-4DA7-80BD-1F9E0AA91383}.Debug|x64.ActiveCfg = Debug|x64
		{80EF32D4-B8AF-4DA7-80BD-1F9E0AA91383}.Debug|x64.Build.0 = Debug|x64
		{80EF32D4-B8AF-4DA7-80BD-1F9E0AA91383}.Debug|x64.Deploy.0 = Debug|x64
		{80EF32D4-B8AF-4DA7-80BD-1F9E0AA91383}.Debug|x86.ActiveCfg = Debug|x86
		{80EF32D4-B8AF-4DA7-80BD-1F9E0AA91383}.Debug|x86.Build.0 = Debug|x86
		{80EF32D4-B8AF-4DA7-80BD-1F9E0AA91383}.Debug|x86.Deploy.0 = Debug|x86
		{80EF32D4-B8AF-4DA7-80BD-1F9E0AA91383}.Release|Any CPU.ActiveCfg = Release|x86
		{80EF32D4-B8AF-4DA7-80BD-1F9E0AA91383}.Release|ARM.ActiveCfg = Release|ARM
		{80EF32D4-B8AF-4DA7-80BD-1F9E0AA91383}.Release|ARM.Build.0 = Release|ARM
		{80EF32D4-B8AF-4DA7-80BD-1F9E0AA91383}.Release|ARM.Deploy.0 = Release|ARM
		{80EF32D4-B8AF-4DA7-80BD-1F9E0AA91383}.Release|x64.ActiveCfg = Release|x64
		{80EF32D4-B8AF-4DA7-80BD-1F9E0AA91383}.Release|x64.Build.0 = Release|x64
		{80EF32D4-B8AF-4DA7-80BD-1F9E0AA91383}.Release|x64.Deploy.0 = Release|x64
		{80EF32D4-B8AF-4DA7-80BD-1F9E0AA91383}.Release|x86.ActiveCfg = Release|x86
		{80EF32D4-B8AF-4DA7-80BD-1F9E0AA91383}.Release|x86.Build.0 = Release|x86
		{80EF32D4-B8AF-4DA7-80BD-1F9E0AA91383}.Release|x86.Deploy.0 = Release|x86
	EndGlobalSection
	GlobalSection(SolutionProperties) = preSolution
		HideSolutionNode = FALSE
	EndGlobalSection
	GlobalSection(ExtensibilityGlobals) = postSolution
		SolutionGuid = {8914F880-17FD-4B75-87BE-1C3D762D6C91}
	EndGlobalSection
EndGlobal
