
Microsoft Visual Studio Solution File, Format Version 12.00
# Visual Studio 15
VisualStudioVersion = 15.0.26228.9
MinimumVisualStudioVersion = 10.0.40219.1
Project("{FAE04EC0-301F-11D3-BF4B-00C04F79EFBC}") = "FirstApp", "FirstApp\FirstApp.csproj", "{A9C79400-5DE3-4328-B715-E53542D05682}"
EndProject
Project("{FAE04EC0-301F-11D3-BF4B-00C04F79EFBC}") = "Sensor", "Sensor\Sensor.csproj", "{54C5B95C-B0FF-4063-97A0-CCF4CE2E11C5}"
EndProject
Project("{FAE04EC0-301F-11D3-BF4B-00C04F79EFBC}") = "Actuator", "Actuator\Actuator.csproj", "{9355B9F8-B921-442A-B923-FE7EA987792D}"
EndProject
Project("{FAE04EC0-301F-11D3-BF4B-00C04F79EFBC}") = "SensorMqtt", "SensorMqtt\SensorMqtt.csproj", "{6DD659F4-9472-41C2-A92E-86DCDFD29A6D}"
EndProject
Project("{FAE04EC0-301F-11D3-BF4B-00C04F79EFBC}") = "ActuatorMqtt", "ActuatorMqtt\ActuatorMqtt.csproj", "{FC59A7ED-6B02-40A2-B9DC-225D18A732E0}"
EndProject
Project("{FAE04EC0-301F-11D3-BF4B-00C04F79EFBC}") = "SensorHttp", "SensorHttp\SensorHttp.csproj", "{A7DA78D8-975C-4ADA-8DB8-3F4315FF0EF9}"
EndProject
Project("{FAE04EC0-301F-11D3-BF4B-00C04F79EFBC}") = "ActuatorHttp", "ActuatorHttp\ActuatorHttp.csproj", "{3173A852-E8FA-48EE-B23E-A0F9F164AF41}"
EndProject
Global
	GlobalSection(SolutionConfigurationPlatforms) = preSolution
		Debug|Any CPU = Debug|Any CPU
		Debug|ARM = Debug|ARM
		Debug|x64 = Debug|x64
		Debug|x86 = Debug|x86
		Release|Any CPU = Release|Any CPU
		Release|ARM = Release|ARM
		Release|x64 = Release|x64
		Release|x86 = Release|x86
	EndGlobalSection
	GlobalSection(ProjectConfigurationPlatforms) = postSolution
		{A9C79400-5DE3-4328-B715-E53542D05682}.Debug|Any CPU.ActiveCfg = Debug|x86
		{A9C79400-5DE3-4328-B715-E53542D05682}.Debug|ARM.ActiveCfg = Debug|ARM
		{A9C79400-5DE3-4328-B715-E53542D05682}.Debug|ARM.Build.0 = Debug|ARM
		{A9C79400-5DE3-4328-B715-E53542D05682}.Debug|ARM.Deploy.0 = Debug|ARM
		{A9C79400-5DE3-4328-B715-E53542D05682}.Debug|x64.ActiveCfg = Debug|x64
		{A9C79400-5DE3-4328-B715-E53542D05682}.Debug|x64.Build.0 = Debug|x64
		{A9C79400-5DE3-4328-B715-E53542D05682}.Debug|x64.Deploy.0 = Debug|x64
		{A9C79400-5DE3-4328-B715-E53542D05682}.Debug|x86.ActiveCfg = Debug|x86
		{A9C79400-5DE3-4328-B715-E53542D05682}.Debug|x86.Build.0 = Debug|x86
		{A9C79400-5DE3-4328-B715-E53542D05682}.Debug|x86.Deploy.0 = Debug|x86
		{A9C79400-5DE3-4328-B715-E53542D05682}.Release|Any CPU.ActiveCfg = Release|x86
		{A9C79400-5DE3-4328-B715-E53542D05682}.Release|ARM.ActiveCfg = Release|ARM
		{A9C79400-5DE3-4328-B715-E53542D05682}.Release|ARM.Build.0 = Release|ARM
		{A9C79400-5DE3-4328-B715-E53542D05682}.Release|ARM.Deploy.0 = Release|ARM
		{A9C79400-5DE3-4328-B715-E53542D05682}.Release|x64.ActiveCfg = Release|x64
		{A9C79400-5DE3-4328-B715-E53542D05682}.Release|x64.Build.0 = Release|x64
		{A9C79400-5DE3-4328-B715-E53542D05682}.Release|x64.Deploy.0 = Release|x64
		{A9C79400-5DE3-4328-B715-E53542D05682}.Release|x86.ActiveCfg = Release|x86
		{A9C79400-5DE3-4328-B715-E53542D05682}.Release|x86.Build.0 = Release|x86
		{A9C79400-5DE3-4328-B715-E53542D05682}.Release|x86.Deploy.0 = Release|x86
		{54C5B95C-B0FF-4063-97A0-CCF4CE2E11C5}.Debug|Any CPU.ActiveCfg = Debug|x86
		{54C5B95C-B0FF-4063-97A0-CCF4CE2E11C5}.Debug|ARM.ActiveCfg = Debug|ARM
		{54C5B95C-B0FF-4063-97A0-CCF4CE2E11C5}.Debug|ARM.Build.0 = Debug|ARM
		{54C5B95C-B0FF-4063-97A0-CCF4CE2E11C5}.Debug|ARM.Deploy.0 = Debug|ARM
		{54C5B95C-B0FF-4063-97A0-CCF4CE2E11C5}.Debug|x64.ActiveCfg = Debug|x64
		{54C5B95C-B0FF-4063-97A0-CCF4CE2E11C5}.Debug|x64.Build.0 = Debug|x64
		{54C5B95C-B0FF-4063-97A0-CCF4CE2E11C5}.Debug|x64.Deploy.0 = Debug|x64
		{54C5B95C-B0FF-4063-97A0-CCF4CE2E11C5}.Debug|x86.ActiveCfg = Debug|x86
		{54C5B95C-B0FF-4063-97A0-CCF4CE2E11C5}.Debug|x86.Build.0 = Debug|x86
		{54C5B95C-B0FF-4063-97A0-CCF4CE2E11C5}.Debug|x86.Deploy.0 = Debug|x86
		{54C5B95C-B0FF-4063-97A0-CCF4CE2E11C5}.Release|Any CPU.ActiveCfg = Release|x86
		{54C5B95C-B0FF-4063-97A0-CCF4CE2E11C5}.Release|ARM.ActiveCfg = Release|ARM
		{54C5B95C-B0FF-4063-97A0-CCF4CE2E11C5}.Release|ARM.Build.0 = Release|ARM
		{54C5B95C-B0FF-4063-97A0-CCF4CE2E11C5}.Release|ARM.Deploy.0 = Release|ARM
		{54C5B95C-B0FF-4063-97A0-CCF4CE2E11C5}.Release|x64.ActiveCfg = Release|x64
		{54C5B95C-B0FF-4063-97A0-CCF4CE2E11C5}.Release|x64.Build.0 = Release|x64
		{54C5B95C-B0FF-4063-97A0-CCF4CE2E11C5}.Release|x64.Deploy.0 = Release|x64
		{54C5B95C-B0FF-4063-97A0-CCF4CE2E11C5}.Release|x86.ActiveCfg = Release|x86
		{54C5B95C-B0FF-4063-97A0-CCF4CE2E11C5}.Release|x86.Build.0 = Release|x86
		{54C5B95C-B0FF-4063-97A0-CCF4CE2E11C5}.Release|x86.Deploy.0 = Release|x86
		{9355B9F8-B921-442A-B923-FE7EA987792D}.Debug|Any CPU.ActiveCfg = Debug|x86
		{9355B9F8-B921-442A-B923-FE7EA987792D}.Debug|ARM.ActiveCfg = Debug|ARM
		{9355B9F8-B921-442A-B923-FE7EA987792D}.Debug|ARM.Build.0 = Debug|ARM
		{9355B9F8-B921-442A-B923-FE7EA987792D}.Debug|ARM.Deploy.0 = Debug|ARM
		{9355B9F8-B921-442A-B923-FE7EA987792D}.Debug|x64.ActiveCfg = Debug|x64
		{9355B9F8-B921-442A-B923-FE7EA987792D}.Debug|x64.Build.0 = Debug|x64
		{9355B9F8-B921-442A-B923-FE7EA987792D}.Debug|x64.Deploy.0 = Debug|x64
		{9355B9F8-B921-442A-B923-FE7EA987792D}.Debug|x86.ActiveCfg = Debug|x86
		{9355B9F8-B921-442A-B923-FE7EA987792D}.Debug|x86.Build.0 = Debug|x86
		{9355B9F8-B921-442A-B923-FE7EA987792D}.Debug|x86.Deploy.0 = Debug|x86
		{9355B9F8-B921-442A-B923-FE7EA987792D}.Release|Any CPU.ActiveCfg = Release|x86
		{9355B9F8-B921-442A-B923-FE7EA987792D}.Release|ARM.ActiveCfg = Release|ARM
		{9355B9F8-B921-442A-B923-FE7EA987792D}.Release|ARM.Build.0 = Release|ARM
		{9355B9F8-B921-442A-B923-FE7EA987792D}.Release|ARM.Deploy.0 = Release|ARM
		{9355B9F8-B921-442A-B923-FE7EA987792D}.Release|x64.ActiveCfg = Release|x64
		{9355B9F8-B921-442A-B923-FE7EA987792D}.Release|x64.Build.0 = Release|x64
		{9355B9F8-B921-442A-B923-FE7EA987792D}.Release|x64.Deploy.0 = Release|x64
		{9355B9F8-B921-442A-B923-FE7EA987792D}.Release|x86.ActiveCfg = Release|x86
		{9355B9F8-B921-442A-B923-FE7EA987792D}.Release|x86.Build.0 = Release|x86
		{9355B9F8-B921-442A-B923-FE7EA987792D}.Release|x86.Deploy.0 = Release|x86
		{6DD659F4-9472-41C2-A92E-86DCDFD29A6D}.Debug|Any CPU.ActiveCfg = Debug|x86
		{6DD659F4-9472-41C2-A92E-86DCDFD29A6D}.Debug|ARM.ActiveCfg = Debug|ARM
		{6DD659F4-9472-41C2-A92E-86DCDFD29A6D}.Debug|ARM.Build.0 = Debug|ARM
		{6DD659F4-9472-41C2-A92E-86DCDFD29A6D}.Debug|ARM.Deploy.0 = Debug|ARM
		{6DD659F4-9472-41C2-A92E-86DCDFD29A6D}.Debug|x64.ActiveCfg = Debug|x64
		{6DD659F4-9472-41C2-A92E-86DCDFD29A6D}.Debug|x64.Build.0 = Debug|x64
		{6DD659F4-9472-41C2-A92E-86DCDFD29A6D}.Debug|x64.Deploy.0 = Debug|x64
		{6DD659F4-9472-41C2-A92E-86DCDFD29A6D}.Debug|x86.ActiveCfg = Debug|x86
		{6DD659F4-9472-41C2-A92E-86DCDFD29A6D}.Debug|x86.Build.0 = Debug|x86
		{6DD659F4-9472-41C2-A92E-86DCDFD29A6D}.Debug|x86.Deploy.0 = Debug|x86
		{6DD659F4-9472-41C2-A92E-86DCDFD29A6D}.Release|Any CPU.ActiveCfg = Release|x86
		{6DD659F4-9472-41C2-A92E-86DCDFD29A6D}.Release|ARM.ActiveCfg = Release|ARM
		{6DD659F4-9472-41C2-A92E-86DCDFD29A6D}.Release|ARM.Build.0 = Release|ARM
		{6DD659F4-9472-41C2-A92E-86DCDFD29A6D}.Release|ARM.Deploy.0 = Release|ARM
		{6DD659F4-9472-41C2-A92E-86DCDFD29A6D}.Release|x64.ActiveCfg = Release|x64
		{6DD659F4-9472-41C2-A92E-86DCDFD29A6D}.Release|x64.Build.0 = Release|x64
		{6DD659F4-9472-41C2-A92E-86DCDFD29A6D}.Release|x64.Deploy.0 = Release|x64
		{6DD659F4-9472-41C2-A92E-86DCDFD29A6D}.Release|x86.ActiveCfg = Release|x86
		{6DD659F4-9472-41C2-A92E-86DCDFD29A6D}.Release|x86.Build.0 = Release|x86
		{6DD659F4-9472-41C2-A92E-86DCDFD29A6D}.Release|x86.Deploy.0 = Release|x86
		{FC59A7ED-6B02-40A2-B9DC-225D18A732E0}.Debug|Any CPU.ActiveCfg = Debug|x86
		{FC59A7ED-6B02-40A2-B9DC-225D18A732E0}.Debug|ARM.ActiveCfg = Debug|ARM
		{FC59A7ED-6B02-40A2-B9DC-225D18A732E0}.Debug|ARM.Build.0 = Debug|ARM
		{FC59A7ED-6B02-40A2-B9DC-225D18A732E0}.Debug|ARM.Deploy.0 = Debug|ARM
		{FC59A7ED-6B02-40A2-B9DC-225D18A732E0}.Debug|x64.ActiveCfg = Debug|x64
		{FC59A7ED-6B02-40A2-B9DC-225D18A732E0}.Debug|x64.Build.0 = Debug|x64
		{FC59A7ED-6B02-40A2-B9DC-225D18A732E0}.Debug|x64.Deploy.0 = Debug|x64
		{FC59A7ED-6B02-40A2-B9DC-225D18A732E0}.Debug|x86.ActiveCfg = Debug|x86
		{FC59A7ED-6B02-40A2-B9DC-225D18A732E0}.Debug|x86.Build.0 = Debug|x86
		{FC59A7ED-6B02-40A2-B9DC-225D18A732E0}.Debug|x86.Deploy.0 = Debug|x86
		{FC59A7ED-6B02-40A2-B9DC-225D18A732E0}.Release|Any CPU.ActiveCfg = Release|x86
		{FC59A7ED-6B02-40A2-B9DC-225D18A732E0}.Release|ARM.ActiveCfg = Release|ARM
		{FC59A7ED-6B02-40A2-B9DC-225D18A732E0}.Release|ARM.Build.0 = Release|ARM
		{FC59A7ED-6B02-40A2-B9DC-225D18A732E0}.Release|ARM.Deploy.0 = Release|ARM
		{FC59A7ED-6B02-40A2-B9DC-225D18A732E0}.Release|x64.ActiveCfg = Release|x64
		{FC59A7ED-6B02-40A2-B9DC-225D18A732E0}.Release|x64.Build.0 = Release|x64
		{FC59A7ED-6B02-40A2-B9DC-225D18A732E0}.Release|x64.Deploy.0 = Release|x64
		{FC59A7ED-6B02-40A2-B9DC-225D18A732E0}.Release|x86.ActiveCfg = Release|x86
		{FC59A7ED-6B02-40A2-B9DC-225D18A732E0}.Release|x86.Build.0 = Release|x86
		{FC59A7ED-6B02-40A2-B9DC-225D18A732E0}.Release|x86.Deploy.0 = Release|x86
		{A7DA78D8-975C-4ADA-8DB8-3F4315FF0EF9}.Debug|Any CPU.ActiveCfg = Debug|x86
		{A7DA78D8-975C-4ADA-8DB8-3F4315FF0EF9}.Debug|ARM.ActiveCfg = Debug|ARM
		{A7DA78D8-975C-4ADA-8DB8-3F4315FF0EF9}.Debug|ARM.Build.0 = Debug|ARM
		{A7DA78D8-975C-4ADA-8DB8-3F4315FF0EF9}.Debug|ARM.Deploy.0 = Debug|ARM
		{A7DA78D8-975C-4ADA-8DB8-3F4315FF0EF9}.Debug|x64.ActiveCfg = Debug|x64
		{A7DA78D8-975C-4ADA-8DB8-3F4315FF0EF9}.Debug|x64.Build.0 = Debug|x64
		{A7DA78D8-975C-4ADA-8DB8-3F4315FF0EF9}.Debug|x64.Deploy.0 = Debug|x64
		{A7DA78D8-975C-4ADA-8DB8-3F4315FF0EF9}.Debug|x86.ActiveCfg = Debug|x86
		{A7DA78D8-975C-4ADA-8DB8-3F4315FF0EF9}.Debug|x86.Build.0 = Debug|x86
		{A7DA78D8-975C-4ADA-8DB8-3F4315FF0EF9}.Debug|x86.Deploy.0 = Debug|x86
		{A7DA78D8-975C-4ADA-8DB8-3F4315FF0EF9}.Release|Any CPU.ActiveCfg = Release|x86
		{A7DA78D8-975C-4ADA-8DB8-3F4315FF0EF9}.Release|ARM.ActiveCfg = Release|ARM
		{A7DA78D8-975C-4ADA-8DB8-3F4315FF0EF9}.Release|ARM.Build.0 = Release|ARM
		{A7DA78D8-975C-4ADA-8DB8-3F4315FF0EF9}.Release|ARM.Deploy.0 = Release|ARM
		{A7DA78D8-975C-4ADA-8DB8-3F4315FF0EF9}.Release|x64.ActiveCfg = Release|x64
		{A7DA78D8-975C-4ADA-8DB8-3F4315FF0EF9}.Release|x64.Build.0 = Release|x64
		{A7DA78D8-975C-4ADA-8DB8-3F4315FF0EF9}.Release|x64.Deploy.0 = Release|x64
		{A7DA78D8-975C-4ADA-8DB8-3F4315FF0EF9}.Release|x86.ActiveCfg = Release|x86
		{A7DA78D8-975C-4ADA-8DB8-3F4315FF0EF9}.Release|x86.Build.0 = Release|x86
		{A7DA78D8-975C-4ADA-8DB8-3F4315FF0EF9}.Release|x86.Deploy.0 = Release|x86
		{3173A852-E8FA-48EE-B23E-A0F9F164AF41}.Debug|Any CPU.ActiveCfg = Debug|x86
		{3173A852-E8FA-48EE-B23E-A0F9F164AF41}.Debug|ARM.ActiveCfg = Debug|ARM
		{3173A852-E8FA-48EE-B23E-A0F9F164AF41}.Debug|ARM.Build.0 = Debug|ARM
		{3173A852-E8FA-48EE-B23E-A0F9F164AF41}.Debug|ARM.Deploy.0 = Debug|ARM
		{3173A852-E8FA-48EE-B23E-A0F9F164AF41}.Debug|x64.ActiveCfg = Debug|x64
		{3173A852-E8FA-48EE-B23E-A0F9F164AF41}.Debug|x64.Build.0 = Debug|x64
		{3173A852-E8FA-48EE-B23E-A0F9F164AF41}.Debug|x64.Deploy.0 = Debug|x64
		{3173A852-E8FA-48EE-B23E-A0F9F164AF41}.Debug|x86.ActiveCfg = Debug|x86
		{3173A852-E8FA-48EE-B23E-A0F9F164AF41}.Debug|x86.Build.0 = Debug|x86
		{3173A852-E8FA-48EE-B23E-A0F9F164AF41}.Debug|x86.Deploy.0 = Debug|x86
		{3173A852-E8FA-48EE-B23E-A0F9F164AF41}.Release|Any CPU.ActiveCfg = Release|x86
		{3173A852-E8FA-48EE-B23E-A0F9F164AF41}.Release|ARM.ActiveCfg = Release|ARM
		{3173A852-E8FA-48EE-B23E-A0F9F164AF41}.Release|ARM.Build.0 = Release|ARM
		{3173A852-E8FA-48EE-B23E-A0F9F164AF41}.Release|ARM.Deploy.0 = Release|ARM
		{3173A852-E8FA-48EE-B23E-A0F9F164AF41}.Release|x64.ActiveCfg = Release|x64
		{3173A852-E8FA-48EE-B23E-A0F9F164AF41}.Release|x64.Build.0 = Release|x64
		{3173A852-E8FA-48EE-B23E-A0F9F164AF41}.Release|x64.Deploy.0 = Release|x64
		{3173A852-E8FA-48EE-B23E-A0F9F164AF41}.Release|x86.ActiveCfg = Release|x86
		{3173A852-E8FA-48EE-B23E-A0F9F164AF41}.Release|x86.Build.0 = Release|x86
		{3173A852-E8FA-48EE-B23E-A0F9F164AF41}.Release|x86.Deploy.0 = Release|x86
	EndGlobalSection
	GlobalSection(SolutionProperties) = preSolution
		HideSolutionNode = FALSE
	EndGlobalSection
EndGlobal
